Microsoft Visual Studio Solution File, Format Version 12.00
# Visual Studio Version 17
VisualStudioVersion = 17.5.2.0
MinimumVisualStudioVersion = 10.0.40219.1
Project("{FAE04EC0-301F-11D3-BF4B-00C04F79EFBC}") = ".Workspace_DotNetC#", "Fundamentos\.Workspace_DotNetC#.csproj", "{C6847D03-9479-221F-D315-6474D71484F6}"
EndProject
Global
	GlobalSection(SolutionConfigurationPlatforms) = preSolution
		Debug|Any CPU = Debug|Any CPU
		Release|Any CPU = Release|Any CPU
	EndGlobalSection
	GlobalSection(ProjectConfigurationPlatforms) = postSolution
		{C6847D03-9479-221F-D315-6474D71484F6}.Debug|Any CPU.ActiveCfg = Debug|Any CPU
		{C6847D03-9479-221F-D315-6474D71484F6}.Debug|Any CPU.Build.0 = Debug|Any CPU
		{C6847D03-9479-221F-D315-6474D71484F6}.Release|Any CPU.ActiveCfg = Release|Any CPU
		{C6847D03-9479-221F-D315-6474D71484F6}.Release|Any CPU.Build.0 = Release|Any CPU
	EndGlobalSection
	GlobalSection(SolutionProperties) = preSolution
		HideSolutionNode = FALSE
	EndGlobalSection
	GlobalSection(ExtensibilityGlobals) = postSolution
		SolutionGuid = {EA688D87-2173-454C-942A-F945CCC9626C}
	EndGlobalSection
EndGlobal
